// !$*UTF8*$!
{
	archiveVersion = 1;
	classes = {
	};
	objectVersion = 56;
	objects = {

/* Begin PBXBuildFile section */
		3010D3052A15E49400A68C36 /* FlagNoteController.swift in Sources */ = {isa = PBXBuildFile; fileRef = 3010D3042A15E49400A68C36 /* FlagNoteController.swift */; };
		30139C2B2A26698C007E3C98 /* LanguageCTL.swift in Sources */ = {isa = PBXBuildFile; fileRef = 30139C2A2A26698C007E3C98 /* LanguageCTL.swift */; };
		30139C2D2A266A3F007E3C98 /* LanuageCell.swift in Sources */ = {isa = PBXBuildFile; fileRef = 30139C2C2A266A3F007E3C98 /* LanuageCell.swift */; };
		30139C2F2A266BBB007E3C98 /* ReplaceTagCTL.swift in Sources */ = {isa = PBXBuildFile; fileRef = 30139C2E2A266BBB007E3C98 /* ReplaceTagCTL.swift */; };
		30139C312A2788A6007E3C98 /* ReplaceStoryboard.storyboard in Resources */ = {isa = PBXBuildFile; fileRef = 30139C302A2788A6007E3C98 /* ReplaceStoryboard.storyboard */; };
		30139C332A290251007E3C98 /* OnlyScannerCTL.swift in Sources */ = {isa = PBXBuildFile; fileRef = 30139C322A290251007E3C98 /* OnlyScannerCTL.swift */; };
		30139C352A2A2DE0007E3C98 /* OtherProtocols.swift in Sources */ = {isa = PBXBuildFile; fileRef = 30139C342A2A2DE0007E3C98 /* OtherProtocols.swift */; };
		3015A8C92A1A370C0079FED6 /* TableManagers.swift in Sources */ = {isa = PBXBuildFile; fileRef = 3015A8C82A1A370C0079FED6 /* TableManagers.swift */; };
		3015A8CB2A1B657C0079FED6 /* SearchActionProtocols.swift in Sources */ = {isa = PBXBuildFile; fileRef = 3015A8CA2A1B657C0079FED6 /* SearchActionProtocols.swift */; };
		301CED8329F0FB8500996726 /* AppDelegate.swift in Sources */ = {isa = PBXBuildFile; fileRef = 301CED8229F0FB8500996726 /* AppDelegate.swift */; };
		301CED8529F0FB8500996726 /* SceneDelegate.swift in Sources */ = {isa = PBXBuildFile; fileRef = 301CED8429F0FB8500996726 /* SceneDelegate.swift */; };
		301CED8729F0FB8500996726 /* ViewController.swift in Sources */ = {isa = PBXBuildFile; fileRef = 301CED8629F0FB8500996726 /* ViewController.swift */; };
		301CED8A29F0FB8500996726 /* Main.storyboard in Resources */ = {isa = PBXBuildFile; fileRef = 301CED8829F0FB8500996726 /* Main.storyboard */; };
		301CED8C29F0FB8700996726 /* Assets.xcassets in Resources */ = {isa = PBXBuildFile; fileRef = 301CED8B29F0FB8700996726 /* Assets.xcassets */; };
		301CED8F29F0FB8700996726 /* LaunchScreen.storyboard in Resources */ = {isa = PBXBuildFile; fileRef = 301CED8D29F0FB8700996726 /* LaunchScreen.storyboard */; };
		30418EAC2A02176F003DD55D /* SearchItem.swift in Sources */ = {isa = PBXBuildFile; fileRef = 30418EAA2A02176F003DD55D /* SearchItem.swift */; };
		30418EAD2A02176F003DD55D /* SearchItem.xib in Resources */ = {isa = PBXBuildFile; fileRef = 30418EAB2A02176F003DD55D /* SearchItem.xib */; };
		30507B632A0F8C4E005A7F29 /* CustomInfoDialog.swift in Sources */ = {isa = PBXBuildFile; fileRef = 30507B622A0F8C4E005A7F29 /* CustomInfoDialog.swift */; };
		30507B652A0F9414005A7F29 /* CustomInfoCell.swift in Sources */ = {isa = PBXBuildFile; fileRef = 30507B642A0F9413005A7F29 /* CustomInfoCell.swift */; };
		30507B672A0F9435005A7F29 /* ServiceDateCell.swift in Sources */ = {isa = PBXBuildFile; fileRef = 30507B662A0F9435005A7F29 /* ServiceDateCell.swift */; };
		30675BE52A07D36000515238 /* SigninCTL.swift in Sources */ = {isa = PBXBuildFile; fileRef = 30675BE42A07D36000515238 /* SigninCTL.swift */; };
		30675BE72A07D9B700515238 /* SelectUserTypeCTL.swift in Sources */ = {isa = PBXBuildFile; fileRef = 30675BE62A07D9B700515238 /* SelectUserTypeCTL.swift */; };
		30675BE92A07D9E200515238 /* SingupCTL.swift in Sources */ = {isa = PBXBuildFile; fileRef = 30675BE82A07D9E200515238 /* SingupCTL.swift */; };
		30675BEC2A0808AE00515238 /* ViewPatternMethods.swift in Sources */ = {isa = PBXBuildFile; fileRef = 30675BEB2A0808AE00515238 /* ViewPatternMethods.swift */; };
		308237192A0CD4B60054A64A /* ScanQRCTL.swift in Sources */ = {isa = PBXBuildFile; fileRef = 308237182A0CD4B60054A64A /* ScanQRCTL.swift */; };
		3082371B2A0CDBA80054A64A /* GifLoading.swift in Sources */ = {isa = PBXBuildFile; fileRef = 3082371A2A0CDBA80054A64A /* GifLoading.swift */; };
		3082371D2A0CDFD20054A64A /* dialogStoryboard.storyboard in Resources */ = {isa = PBXBuildFile; fileRef = 3082371C2A0CDFD20054A64A /* dialogStoryboard.storyboard */; };
		308237202A0CE07D0054A64A /* qr_code_scan_gif.gif in Resources */ = {isa = PBXBuildFile; fileRef = 3082371F2A0CE07D0054A64A /* qr_code_scan_gif.gif */; };
		308237222A0D274B0054A64A /* SetupEditCTL.swift in Sources */ = {isa = PBXBuildFile; fileRef = 308237212A0D274B0054A64A /* SetupEditCTL.swift */; };
		308CB49C29F837040072D97D /* CoreBluetooth.framework in Frameworks */ = {isa = PBXBuildFile; fileRef = 308CB49B29F837040072D97D /* CoreBluetooth.framework */; };
		308CB49E29F8376B0072D97D /* TestBluetoothCTL.swift in Sources */ = {isa = PBXBuildFile; fileRef = 308CB49D29F8376B0072D97D /* TestBluetoothCTL.swift */; };
		308DC7382A0D519300535557 /* DatePickerDialog.swift in Sources */ = {isa = PBXBuildFile; fileRef = 308DC7372A0D519300535557 /* DatePickerDialog.swift */; };
		308DC73A2A0E633900535557 /* RoundedCornerView.swift in Sources */ = {isa = PBXBuildFile; fileRef = 308DC7392A0E633900535557 /* RoundedCornerView.swift */; };
		308DC73C2A0E70DD00535557 /* IconTypeDialog.swift in Sources */ = {isa = PBXBuildFile; fileRef = 308DC73B2A0E70DD00535557 /* IconTypeDialog.swift */; };
		308DC73F2A0E799700535557 /* DialogProtocols.swift in Sources */ = {isa = PBXBuildFile; fileRef = 308DC73E2A0E799700535557 /* DialogProtocols.swift */; };
		308DC7412A0E7ABA00535557 /* TestEveryThing.swift in Sources */ = {isa = PBXBuildFile; fileRef = 308DC7402A0E7ABA00535557 /* TestEveryThing.swift */; };
		308DC7432A0E948100535557 /* MyDateFormatter.swift in Sources */ = {isa = PBXBuildFile; fileRef = 308DC7422A0E948100535557 /* MyDateFormatter.swift */; };
		308DC7452A0E9DC800535557 /* DataPickerDialog.swift in Sources */ = {isa = PBXBuildFile; fileRef = 308DC7442A0E9DC800535557 /* DataPickerDialog.swift */; };
		3094DBC72A125D5F00ACAFFB /* ServiceDateSPCell.swift in Sources */ = {isa = PBXBuildFile; fileRef = 3094DBC52A125D5F00ACAFFB /* ServiceDateSPCell.swift */; };
		3094DBC82A125D5F00ACAFFB /* ServiceDateSPCell.xib in Resources */ = {isa = PBXBuildFile; fileRef = 3094DBC62A125D5F00ACAFFB /* ServiceDateSPCell.xib */; };
		3094DBCD2A125E2200ACAFFB /* CustomInfoSPCell.swift in Sources */ = {isa = PBXBuildFile; fileRef = 3094DBCB2A125E2200ACAFFB /* CustomInfoSPCell.swift */; };
		3094DBCE2A125E2200ACAFFB /* CustomInfoSPCell.xib in Resources */ = {isa = PBXBuildFile; fileRef = 3094DBCC2A125E2200ACAFFB /* CustomInfoSPCell.xib */; };
		30AE5E7F2A2350A800BA659E /* EditAreaProjectCTL.swift in Sources */ = {isa = PBXBuildFile; fileRef = 30AE5E7E2A2350A800BA659E /* EditAreaProjectCTL.swift */; };
		30AE5E812A23615B00BA659E /* DeleteAreaProjectCTL.swift in Sources */ = {isa = PBXBuildFile; fileRef = 30AE5E802A23615B00BA659E /* DeleteAreaProjectCTL.swift */; };
		30AE5E832A24A3F500BA659E /* DeleteTagCTL.swift in Sources */ = {isa = PBXBuildFile; fileRef = 30AE5E822A24A3F500BA659E /* DeleteTagCTL.swift */; };
		30B311B22A1D55B8003B24F1 /* SearchFilterModel.swift in Sources */ = {isa = PBXBuildFile; fileRef = 30B311B12A1D55B8003B24F1 /* SearchFilterModel.swift */; };
		30B311B42A1DEEC5003B24F1 /* SearchHistoryCell.swift in Sources */ = {isa = PBXBuildFile; fileRef = 30B311B32A1DEEC5003B24F1 /* SearchHistoryCell.swift */; };
		30B311B62A1E0E67003B24F1 /* FilterCTL.swift in Sources */ = {isa = PBXBuildFile; fileRef = 30B311B52A1E0E67003B24F1 /* FilterCTL.swift */; };
		30B7663529F9872600A86C06 /* HeaderLabel.swift in Sources */ = {isa = PBXBuildFile; fileRef = 30B7663429F9872600A86C06 /* HeaderLabel.swift */; };
		30B7663729F9EFF100A86C06 /* BodyStoryboard.storyboard in Resources */ = {isa = PBXBuildFile; fileRef = 30B7663629F9EFF100A86C06 /* BodyStoryboard.storyboard */; };
		30B7663929FA07BF00A86C06 /* SettingStoryboard.storyboard in Resources */ = {isa = PBXBuildFile; fileRef = 30B7663829FA07BF00A86C06 /* SettingStoryboard.storyboard */; };
		30C59AE72A08902E00D675A5 /* HttpClientAPI.swift in Sources */ = {isa = PBXBuildFile; fileRef = 30C59AE62A08902D00D675A5 /* HttpClientAPI.swift */; };
		30C59AEA2A0892B600D675A5 /* URLS.swift in Sources */ = {isa = PBXBuildFile; fileRef = 30C59AE92A0892B600D675A5 /* URLS.swift */; };
		30D6B9842A09E14E0058A91F /* HomeCTL.swift in Sources */ = {isa = PBXBuildFile; fileRef = 30D6B9832A09E14E0058A91F /* HomeCTL.swift */; };
		30D6B9862A09ECCF0058A91F /* SearchCTL.swift in Sources */ = {isa = PBXBuildFile; fileRef = 30D6B9852A09ECCF0058A91F /* SearchCTL.swift */; };
		30D6B9882A09ECDF0058A91F /* SearchFilterCTL.swift in Sources */ = {isa = PBXBuildFile; fileRef = 30D6B9872A09ECDF0058A91F /* SearchFilterCTL.swift */; };
		30E5CEC72A0203C900DB70C4 /* DBManager.swift in Sources */ = {isa = PBXBuildFile; fileRef = 30E5CEC62A0203C900DB70C4 /* DBManager.swift */; };
		30E5CECC2A020D9C00DB70C4 /* DataModels.swift in Sources */ = {isa = PBXBuildFile; fileRef = 30E5CECB2A020D9C00DB70C4 /* DataModels.swift */; };
		30EE3FC32A1F969300D78C58 /* AddAreaCTL.swift in Sources */ = {isa = PBXBuildFile; fileRef = 30EE3FC22A1F969300D78C58 /* AddAreaCTL.swift */; };
		30EE3FC52A1F96A400D78C58 /* AddProjectCTL.swift in Sources */ = {isa = PBXBuildFile; fileRef = 30EE3FC42A1F96A400D78C58 /* AddProjectCTL.swift */; };
		30EE3FC72A1F9BF200D78C58 /* AddAreaItem.swift in Sources */ = {isa = PBXBuildFile; fileRef = 30EE3FC62A1F9BF200D78C58 /* AddAreaItem.swift */; };
		30EE3FC92A1FB7C000D78C58 /* AddProjectItem.swift in Sources */ = {isa = PBXBuildFile; fileRef = 30EE3FC82A1FB7C000D78C58 /* AddProjectItem.swift */; };
		951BC137F54E40E6499EA984 /* Pods_Ninox.framework in Frameworks */ = {isa = PBXBuildFile; fileRef = 64E83C4B3FEDDDBDBD4EA707 /* Pods_Ninox.framework */; };
/* End PBXBuildFile section */

/* Begin PBXFileReference section */
		3010D3042A15E49400A68C36 /* FlagNoteController.swift */ = {isa = PBXFileReference; lastKnownFileType = sourcecode.swift; path = FlagNoteController.swift; sourceTree = "<group>"; };
		30139C2A2A26698C007E3C98 /* LanguageCTL.swift */ = {isa = PBXFileReference; lastKnownFileType = sourcecode.swift; path = LanguageCTL.swift; sourceTree = "<group>"; };
		30139C2C2A266A3F007E3C98 /* LanuageCell.swift */ = {isa = PBXFileReference; lastKnownFileType = sourcecode.swift; path = LanuageCell.swift; sourceTree = "<group>"; };
		30139C2E2A266BBB007E3C98 /* ReplaceTagCTL.swift */ = {isa = PBXFileReference; lastKnownFileType = sourcecode.swift; path = ReplaceTagCTL.swift; sourceTree = "<group>"; };
		30139C302A2788A6007E3C98 /* ReplaceStoryboard.storyboard */ = {isa = PBXFileReference; lastKnownFileType = file.storyboard; path = ReplaceStoryboard.storyboard; sourceTree = "<group>"; };
		30139C322A290251007E3C98 /* OnlyScannerCTL.swift */ = {isa = PBXFileReference; lastKnownFileType = sourcecode.swift; path = OnlyScannerCTL.swift; sourceTree = "<group>"; };
		30139C342A2A2DE0007E3C98 /* OtherProtocols.swift */ = {isa = PBXFileReference; lastKnownFileType = sourcecode.swift; path = OtherProtocols.swift; sourceTree = "<group>"; };
		3015A8C82A1A370C0079FED6 /* TableManagers.swift */ = {isa = PBXFileReference; lastKnownFileType = sourcecode.swift; path = TableManagers.swift; sourceTree = "<group>"; };
		3015A8CA2A1B657C0079FED6 /* SearchActionProtocols.swift */ = {isa = PBXFileReference; lastKnownFileType = sourcecode.swift; path = SearchActionProtocols.swift; sourceTree = "<group>"; };
		301CED7F29F0FB8500996726 /* Ninox.app */ = {isa = PBXFileReference; explicitFileType = wrapper.application; includeInIndex = 0; path = Ninox.app; sourceTree = BUILT_PRODUCTS_DIR; };
		301CED8229F0FB8500996726 /* AppDelegate.swift */ = {isa = PBXFileReference; lastKnownFileType = sourcecode.swift; path = AppDelegate.swift; sourceTree = "<group>"; };
		301CED8429F0FB8500996726 /* SceneDelegate.swift */ = {isa = PBXFileReference; lastKnownFileType = sourcecode.swift; path = SceneDelegate.swift; sourceTree = "<group>"; };
		301CED8629F0FB8500996726 /* ViewController.swift */ = {isa = PBXFileReference; lastKnownFileType = sourcecode.swift; path = ViewController.swift; sourceTree = "<group>"; };
		301CED8929F0FB8500996726 /* Base */ = {isa = PBXFileReference; lastKnownFileType = file.storyboard; name = Base; path = Base.lproj/Main.storyboard; sourceTree = "<group>"; };
		301CED8B29F0FB8700996726 /* Assets.xcassets */ = {isa = PBXFileReference; lastKnownFileType = folder.assetcatalog; path = Assets.xcassets; sourceTree = "<group>"; };
		301CED8E29F0FB8700996726 /* Base */ = {isa = PBXFileReference; lastKnownFileType = file.storyboard; name = Base; path = Base.lproj/LaunchScreen.storyboard; sourceTree = "<group>"; };
		301CED9029F0FB8700996726 /* Info.plist */ = {isa = PBXFileReference; lastKnownFileType = text.plist.xml; path = Info.plist; sourceTree = "<group>"; };
		30418EAA2A02176F003DD55D /* SearchItem.swift */ = {isa = PBXFileReference; lastKnownFileType = sourcecode.swift; path = SearchItem.swift; sourceTree = "<group>"; };
		30418EAB2A02176F003DD55D /* SearchItem.xib */ = {isa = PBXFileReference; lastKnownFileType = file.xib; path = SearchItem.xib; sourceTree = "<group>"; };
		30507B622A0F8C4E005A7F29 /* CustomInfoDialog.swift */ = {isa = PBXFileReference; lastKnownFileType = sourcecode.swift; path = CustomInfoDialog.swift; sourceTree = "<group>"; };
		30507B642A0F9413005A7F29 /* CustomInfoCell.swift */ = {isa = PBXFileReference; lastKnownFileType = sourcecode.swift; path = CustomInfoCell.swift; sourceTree = "<group>"; };
		30507B662A0F9435005A7F29 /* ServiceDateCell.swift */ = {isa = PBXFileReference; lastKnownFileType = sourcecode.swift; path = ServiceDateCell.swift; sourceTree = "<group>"; };
		30675BE42A07D36000515238 /* SigninCTL.swift */ = {isa = PBXFileReference; lastKnownFileType = sourcecode.swift; path = SigninCTL.swift; sourceTree = "<group>"; };
		30675BE62A07D9B700515238 /* SelectUserTypeCTL.swift */ = {isa = PBXFileReference; lastKnownFileType = sourcecode.swift; path = SelectUserTypeCTL.swift; sourceTree = "<group>"; };
		30675BE82A07D9E200515238 /* SingupCTL.swift */ = {isa = PBXFileReference; lastKnownFileType = sourcecode.swift; path = SingupCTL.swift; sourceTree = "<group>"; };
		30675BEB2A0808AE00515238 /* ViewPatternMethods.swift */ = {isa = PBXFileReference; lastKnownFileType = sourcecode.swift; path = ViewPatternMethods.swift; sourceTree = "<group>"; };
		308237182A0CD4B60054A64A /* ScanQRCTL.swift */ = {isa = PBXFileReference; lastKnownFileType = sourcecode.swift; path = ScanQRCTL.swift; sourceTree = "<group>"; };
		3082371A2A0CDBA80054A64A /* GifLoading.swift */ = {isa = PBXFileReference; lastKnownFileType = sourcecode.swift; path = GifLoading.swift; sourceTree = "<group>"; };
		3082371C2A0CDFD20054A64A /* dialogStoryboard.storyboard */ = {isa = PBXFileReference; lastKnownFileType = file.storyboard; path = dialogStoryboard.storyboard; sourceTree = "<group>"; };
		3082371F2A0CE07D0054A64A /* qr_code_scan_gif.gif */ = {isa = PBXFileReference; lastKnownFileType = image.gif; path = qr_code_scan_gif.gif; sourceTree = "<group>"; };
		308237212A0D274B0054A64A /* SetupEditCTL.swift */ = {isa = PBXFileReference; lastKnownFileType = sourcecode.swift; path = SetupEditCTL.swift; sourceTree = "<group>"; };
		308237232A0D32200054A64A /* iOSDropDown.framework */ = {isa = PBXFileReference; explicitFileType = wrapper.framework; path = iOSDropDown.framework; sourceTree = BUILT_PRODUCTS_DIR; };
		308CB49B29F837040072D97D /* CoreBluetooth.framework */ = {isa = PBXFileReference; lastKnownFileType = wrapper.framework; name = CoreBluetooth.framework; path = System/Library/Frameworks/CoreBluetooth.framework; sourceTree = SDKROOT; };
		308CB49D29F8376B0072D97D /* TestBluetoothCTL.swift */ = {isa = PBXFileReference; lastKnownFileType = sourcecode.swift; path = TestBluetoothCTL.swift; sourceTree = "<group>"; };
		308DC7372A0D519300535557 /* DatePickerDialog.swift */ = {isa = PBXFileReference; lastKnownFileType = sourcecode.swift; path = DatePickerDialog.swift; sourceTree = "<group>"; };
		308DC7392A0E633900535557 /* RoundedCornerView.swift */ = {isa = PBXFileReference; lastKnownFileType = sourcecode.swift; path = RoundedCornerView.swift; sourceTree = "<group>"; };
		308DC73B2A0E70DD00535557 /* IconTypeDialog.swift */ = {isa = PBXFileReference; lastKnownFileType = sourcecode.swift; path = IconTypeDialog.swift; sourceTree = "<group>"; };
		308DC73E2A0E799700535557 /* DialogProtocols.swift */ = {isa = PBXFileReference; lastKnownFileType = sourcecode.swift; path = DialogProtocols.swift; sourceTree = "<group>"; };
		308DC7402A0E7ABA00535557 /* TestEveryThing.swift */ = {isa = PBXFileReference; lastKnownFileType = sourcecode.swift; path = TestEveryThing.swift; sourceTree = "<group>"; };
		308DC7422A0E948100535557 /* MyDateFormatter.swift */ = {isa = PBXFileReference; lastKnownFileType = sourcecode.swift; path = MyDateFormatter.swift; sourceTree = "<group>"; };
		308DC7442A0E9DC800535557 /* DataPickerDialog.swift */ = {isa = PBXFileReference; lastKnownFileType = sourcecode.swift; path = DataPickerDialog.swift; sourceTree = "<group>"; };
		3094DBC52A125D5F00ACAFFB /* ServiceDateSPCell.swift */ = {isa = PBXFileReference; lastKnownFileType = sourcecode.swift; path = ServiceDateSPCell.swift; sourceTree = "<group>"; };
		3094DBC62A125D5F00ACAFFB /* ServiceDateSPCell.xib */ = {isa = PBXFileReference; lastKnownFileType = file.xib; path = ServiceDateSPCell.xib; sourceTree = "<group>"; };
		3094DBCB2A125E2200ACAFFB /* CustomInfoSPCell.swift */ = {isa = PBXFileReference; lastKnownFileType = sourcecode.swift; path = CustomInfoSPCell.swift; sourceTree = "<group>"; };
		3094DBCC2A125E2200ACAFFB /* CustomInfoSPCell.xib */ = {isa = PBXFileReference; lastKnownFileType = file.xib; path = CustomInfoSPCell.xib; sourceTree = "<group>"; };
		30AE5E7E2A2350A800BA659E /* EditAreaProjectCTL.swift */ = {isa = PBXFileReference; lastKnownFileType = sourcecode.swift; path = EditAreaProjectCTL.swift; sourceTree = "<group>"; };
		30AE5E802A23615B00BA659E /* DeleteAreaProjectCTL.swift */ = {isa = PBXFileReference; lastKnownFileType = sourcecode.swift; path = DeleteAreaProjectCTL.swift; sourceTree = "<group>"; };
		30AE5E822A24A3F500BA659E /* DeleteTagCTL.swift */ = {isa = PBXFileReference; lastKnownFileType = sourcecode.swift; path = DeleteTagCTL.swift; sourceTree = "<group>"; };
		30B311B12A1D55B8003B24F1 /* SearchFilterModel.swift */ = {isa = PBXFileReference; lastKnownFileType = sourcecode.swift; path = SearchFilterModel.swift; sourceTree = "<group>"; };
		30B311B32A1DEEC5003B24F1 /* SearchHistoryCell.swift */ = {isa = PBXFileReference; lastKnownFileType = sourcecode.swift; path = SearchHistoryCell.swift; sourceTree = "<group>"; };
		30B311B52A1E0E67003B24F1 /* FilterCTL.swift */ = {isa = PBXFileReference; lastKnownFileType = sourcecode.swift; path = FilterCTL.swift; sourceTree = "<group>"; };
		30B311B72A1E3335003B24F1 /* MaterialComponents.framework */ = {isa = PBXFileReference; explicitFileType = wrapper.framework; path = MaterialComponents.framework; sourceTree = BUILT_PRODUCTS_DIR; };
		30B7663429F9872600A86C06 /* HeaderLabel.swift */ = {isa = PBXFileReference; lastKnownFileType = sourcecode.swift; path = HeaderLabel.swift; sourceTree = "<group>"; };
		30B7663629F9EFF100A86C06 /* BodyStoryboard.storyboard */ = {isa = PBXFileReference; lastKnownFileType = file.storyboard; path = BodyStoryboard.storyboard; sourceTree = "<group>"; };
		30B7663829FA07BF00A86C06 /* SettingStoryboard.storyboard */ = {isa = PBXFileReference; lastKnownFileType = file.storyboard; path = SettingStoryboard.storyboard; sourceTree = "<group>"; };
		30C59AE62A08902D00D675A5 /* HttpClientAPI.swift */ = {isa = PBXFileReference; lastKnownFileType = sourcecode.swift; path = HttpClientAPI.swift; sourceTree = "<group>"; };
		30C59AE92A0892B600D675A5 /* URLS.swift */ = {isa = PBXFileReference; lastKnownFileType = sourcecode.swift; path = URLS.swift; sourceTree = "<group>"; };
		30D6B9832A09E14E0058A91F /* HomeCTL.swift */ = {isa = PBXFileReference; lastKnownFileType = sourcecode.swift; path = HomeCTL.swift; sourceTree = "<group>"; };
		30D6B9852A09ECCF0058A91F /* SearchCTL.swift */ = {isa = PBXFileReference; lastKnownFileType = sourcecode.swift; path = SearchCTL.swift; sourceTree = "<group>"; };
		30D6B9872A09ECDF0058A91F /* SearchFilterCTL.swift */ = {isa = PBXFileReference; lastKnownFileType = sourcecode.swift; path = SearchFilterCTL.swift; sourceTree = "<group>"; };
		30E5CEC62A0203C900DB70C4 /* DBManager.swift */ = {isa = PBXFileReference; lastKnownFileType = sourcecode.swift; path = DBManager.swift; sourceTree = "<group>"; };
		30E5CEC82A02041900DB70C4 /* SQLite.framework */ = {isa = PBXFileReference; explicitFileType = wrapper.framework; path = SQLite.framework; sourceTree = BUILT_PRODUCTS_DIR; };
		30E5CECB2A020D9C00DB70C4 /* DataModels.swift */ = {isa = PBXFileReference; lastKnownFileType = sourcecode.swift; path = DataModels.swift; sourceTree = "<group>"; };
		30EE3FC22A1F969300D78C58 /* AddAreaCTL.swift */ = {isa = PBXFileReference; lastKnownFileType = sourcecode.swift; path = AddAreaCTL.swift; sourceTree = "<group>"; };
		30EE3FC42A1F96A400D78C58 /* AddProjectCTL.swift */ = {isa = PBXFileReference; lastKnownFileType = sourcecode.swift; path = AddProjectCTL.swift; sourceTree = "<group>"; };
		30EE3FC62A1F9BF200D78C58 /* AddAreaItem.swift */ = {isa = PBXFileReference; lastKnownFileType = sourcecode.swift; path = AddAreaItem.swift; sourceTree = "<group>"; };
		30EE3FC82A1FB7C000D78C58 /* AddProjectItem.swift */ = {isa = PBXFileReference; lastKnownFileType = sourcecode.swift; path = AddProjectItem.swift; sourceTree = "<group>"; };
		3FC600411C898D184B647752 /* Pods-Ninox.release.xcconfig */ = {isa = PBXFileReference; includeInIndex = 1; lastKnownFileType = text.xcconfig; name = "Pods-Ninox.release.xcconfig"; path = "Target Support Files/Pods-Ninox/Pods-Ninox.release.xcconfig"; sourceTree = "<group>"; };
		64E83C4B3FEDDDBDBD4EA707 /* Pods_Ninox.framework */ = {isa = PBXFileReference; explicitFileType = wrapper.framework; includeInIndex = 0; path = Pods_Ninox.framework; sourceTree = BUILT_PRODUCTS_DIR; };
		A818CE979BB3A643DB82F2A6 /* Pods-Ninox.debug.xcconfig */ = {isa = PBXFileReference; includeInIndex = 1; lastKnownFileType = text.xcconfig; name = "Pods-Ninox.debug.xcconfig"; path = "Target Support Files/Pods-Ninox/Pods-Ninox.debug.xcconfig"; sourceTree = "<group>"; };
/* End PBXFileReference section */

/* Begin PBXFrameworksBuildPhase section */
		301CED7C29F0FB8500996726 /* Frameworks */ = {
			isa = PBXFrameworksBuildPhase;
			buildActionMask = 2147483647;
			files = (
				308CB49C29F837040072D97D /* CoreBluetooth.framework in Frameworks */,
				951BC137F54E40E6499EA984 /* Pods_Ninox.framework in Frameworks */,
			);
			runOnlyForDeploymentPostprocessing = 0;
		};
/* End PBXFrameworksBuildPhase section */

/* Begin PBXGroup section */
		3015A8C72A1A36E80079FED6 /* TableManagers */ = {
			isa = PBXGroup;
			children = (
				3015A8C82A1A370C0079FED6 /* TableManagers.swift */,
			);
			path = TableManagers;
			sourceTree = "<group>";
		};
		301CED7629F0FB8500996726 = {
			isa = PBXGroup;
			children = (
				3015A8C72A1A36E80079FED6 /* TableManagers */,
				308DC73D2A0E797000535557 /* protocols */,
				308DC7362A0D517400535557 /* Dialogs */,
				3082371E2A0CE06A0054A64A /* Resource */,
				30C59AE82A0892A600D675A5 /* Statics */,
				30675BEA2A08089700515238 /* ViewPatternMethods */,
				30418EA92A021746003DD55D /* Cells */,
				30E5CECD2A0213F400DB70C4 /* ViewControllers */,
				30E5CECA2A020D8C00DB70C4 /* DataModels */,
				30E5CEC52A0203A800DB70C4 /* DBManager */,
				30B7663329F986EA00A86C06 /* components */,
				301CED8129F0FB8500996726 /* Ninox */,
				301CED8029F0FB8500996726 /* Products */,
				C96C0DEA5881114EF8CD54F9 /* Pods */,
				EEAC63FC48B20CDF4226B4EF /* Frameworks */,
			);
			sourceTree = "<group>";
		};
		301CED8029F0FB8500996726 /* Products */ = {
			isa = PBXGroup;
			children = (
				301CED7F29F0FB8500996726 /* Ninox.app */,
			);
			name = Products;
			sourceTree = "<group>";
		};
		301CED8129F0FB8500996726 /* Ninox */ = {
			isa = PBXGroup;
			children = (
				301CED8229F0FB8500996726 /* AppDelegate.swift */,
				301CED8429F0FB8500996726 /* SceneDelegate.swift */,
				301CED8629F0FB8500996726 /* ViewController.swift */,
				301CED8829F0FB8500996726 /* Main.storyboard */,
				301CED8B29F0FB8700996726 /* Assets.xcassets */,
				301CED8D29F0FB8700996726 /* LaunchScreen.storyboard */,
				301CED9029F0FB8700996726 /* Info.plist */,
				308CB49D29F8376B0072D97D /* TestBluetoothCTL.swift */,
				30B7663629F9EFF100A86C06 /* BodyStoryboard.storyboard */,
				30B7663829FA07BF00A86C06 /* SettingStoryboard.storyboard */,
				30C59AE62A08902D00D675A5 /* HttpClientAPI.swift */,
				3082371C2A0CDFD20054A64A /* dialogStoryboard.storyboard */,
				308DC7402A0E7ABA00535557 /* TestEveryThing.swift */,
				30139C302A2788A6007E3C98 /* ReplaceStoryboard.storyboard */,
			);
			path = Ninox;
			sourceTree = "<group>";
		};
		30418EA92A021746003DD55D /* Cells */ = {
			isa = PBXGroup;
			children = (
				30418EAA2A02176F003DD55D /* SearchItem.swift */,
				30418EAB2A02176F003DD55D /* SearchItem.xib */,
				30507B642A0F9413005A7F29 /* CustomInfoCell.swift */,
				30507B662A0F9435005A7F29 /* ServiceDateCell.swift */,
				3094DBC52A125D5F00ACAFFB /* ServiceDateSPCell.swift */,
				3094DBC62A125D5F00ACAFFB /* ServiceDateSPCell.xib */,
				3094DBCB2A125E2200ACAFFB /* CustomInfoSPCell.swift */,
				3094DBCC2A125E2200ACAFFB /* CustomInfoSPCell.xib */,
				30B311B32A1DEEC5003B24F1 /* SearchHistoryCell.swift */,
				30EE3FC62A1F9BF200D78C58 /* AddAreaItem.swift */,
				30EE3FC82A1FB7C000D78C58 /* AddProjectItem.swift */,
				30139C2C2A266A3F007E3C98 /* LanuageCell.swift */,
			);
			path = Cells;
			sourceTree = "<group>";
		};
		30675BEA2A08089700515238 /* ViewPatternMethods */ = {
			isa = PBXGroup;
			children = (
				30675BEB2A0808AE00515238 /* ViewPatternMethods.swift */,
				3082371A2A0CDBA80054A64A /* GifLoading.swift */,
				308DC7392A0E633900535557 /* RoundedCornerView.swift */,
			);
			path = ViewPatternMethods;
			sourceTree = "<group>";
		};
		3082371E2A0CE06A0054A64A /* Resource */ = {
			isa = PBXGroup;
			children = (
				3082371F2A0CE07D0054A64A /* qr_code_scan_gif.gif */,
			);
			path = Resource;
			sourceTree = "<group>";
		};
		308DC7362A0D517400535557 /* Dialogs */ = {
			isa = PBXGroup;
			children = (
				308DC7372A0D519300535557 /* DatePickerDialog.swift */,
				308DC73B2A0E70DD00535557 /* IconTypeDialog.swift */,
				308DC7442A0E9DC800535557 /* DataPickerDialog.swift */,
				30507B622A0F8C4E005A7F29 /* CustomInfoDialog.swift */,
				3010D3042A15E49400A68C36 /* FlagNoteController.swift */,
				30B311B52A1E0E67003B24F1 /* FilterCTL.swift */,
				30AE5E7E2A2350A800BA659E /* EditAreaProjectCTL.swift */,
				30AE5E802A23615B00BA659E /* DeleteAreaProjectCTL.swift */,
			);
			path = Dialogs;
			sourceTree = "<group>";
		};
		308DC73D2A0E797000535557 /* protocols */ = {
			isa = PBXGroup;
			children = (
				308DC73E2A0E799700535557 /* DialogProtocols.swift */,
				3015A8CA2A1B657C0079FED6 /* SearchActionProtocols.swift */,
				30139C342A2A2DE0007E3C98 /* OtherProtocols.swift */,
			);
			path = protocols;
			sourceTree = "<group>";
		};
		30B7663329F986EA00A86C06 /* components */ = {
			isa = PBXGroup;
			children = (
				30B7663429F9872600A86C06 /* HeaderLabel.swift */,
			);
			path = components;
			sourceTree = "<group>";
		};
		30C59AE82A0892A600D675A5 /* Statics */ = {
			isa = PBXGroup;
			children = (
				30C59AE92A0892B600D675A5 /* URLS.swift */,
			);
			path = Statics;
			sourceTree = "<group>";
		};
		30D6B9822A09E1370058A91F /* BodyGroup */ = {
			isa = PBXGroup;
			children = (
				30D6B9832A09E14E0058A91F /* HomeCTL.swift */,
				30D6B9852A09ECCF0058A91F /* SearchCTL.swift */,
				30D6B9872A09ECDF0058A91F /* SearchFilterCTL.swift */,
				308237182A0CD4B60054A64A /* ScanQRCTL.swift */,
				308237212A0D274B0054A64A /* SetupEditCTL.swift */,
				30AE5E822A24A3F500BA659E /* DeleteTagCTL.swift */,
				30139C2E2A266BBB007E3C98 /* ReplaceTagCTL.swift */,
				30139C322A290251007E3C98 /* OnlyScannerCTL.swift */,
			);
			path = BodyGroup;
			sourceTree = "<group>";
		};
		30E5CEC52A0203A800DB70C4 /* DBManager */ = {
			isa = PBXGroup;
			children = (
				30E5CEC62A0203C900DB70C4 /* DBManager.swift */,
			);
			path = DBManager;
			sourceTree = "<group>";
		};
		30E5CECA2A020D8C00DB70C4 /* DataModels */ = {
			isa = PBXGroup;
			children = (
				30E5CECB2A020D9C00DB70C4 /* DataModels.swift */,
				308DC7422A0E948100535557 /* MyDateFormatter.swift */,
				30B311B12A1D55B8003B24F1 /* SearchFilterModel.swift */,
			);
			path = DataModels;
			sourceTree = "<group>";
		};
		30E5CECD2A0213F400DB70C4 /* ViewControllers */ = {
			isa = PBXGroup;
			children = (
				30EE3FC12A1F968000D78C58 /* SettingsGroup */,
				30D6B9822A09E1370058A91F /* BodyGroup */,
				30675BE42A07D36000515238 /* SigninCTL.swift */,
				30675BE62A07D9B700515238 /* SelectUserTypeCTL.swift */,
				30675BE82A07D9E200515238 /* SingupCTL.swift */,
			);
			path = ViewControllers;
			sourceTree = "<group>";
		};
		30EE3FC12A1F968000D78C58 /* SettingsGroup */ = {
			isa = PBXGroup;
			children = (
				30EE3FC22A1F969300D78C58 /* AddAreaCTL.swift */,
				30EE3FC42A1F96A400D78C58 /* AddProjectCTL.swift */,
				30139C2A2A26698C007E3C98 /* LanguageCTL.swift */,
			);
			path = SettingsGroup;
			sourceTree = "<group>";
		};
		C96C0DEA5881114EF8CD54F9 /* Pods */ = {
			isa = PBXGroup;
			children = (
				A818CE979BB3A643DB82F2A6 /* Pods-Ninox.debug.xcconfig */,
				3FC600411C898D184B647752 /* Pods-Ninox.release.xcconfig */,
			);
			path = Pods;
			sourceTree = "<group>";
		};
		EEAC63FC48B20CDF4226B4EF /* Frameworks */ = {
			isa = PBXGroup;
			children = (
				30B311B72A1E3335003B24F1 /* MaterialComponents.framework */,
				308237232A0D32200054A64A /* iOSDropDown.framework */,
				30E5CEC82A02041900DB70C4 /* SQLite.framework */,
				308CB49B29F837040072D97D /* CoreBluetooth.framework */,
				64E83C4B3FEDDDBDBD4EA707 /* Pods_Ninox.framework */,
			);
			name = Frameworks;
			sourceTree = "<group>";
		};
/* End PBXGroup section */

/* Begin PBXNativeTarget section */
		301CED7E29F0FB8500996726 /* Ninox */ = {
			isa = PBXNativeTarget;
			buildConfigurationList = 301CED9329F0FB8700996726 /* Build configuration list for PBXNativeTarget "Ninox" */;
			buildPhases = (
				59122370335CFC6258B5BB4A /* [CP] Check Pods Manifest.lock */,
				301CED7B29F0FB8500996726 /* Sources */,
				301CED7C29F0FB8500996726 /* Frameworks */,
				301CED7D29F0FB8500996726 /* Resources */,
				9A2AE7EC5CB042BFB1D605CB /* [CP] Embed Pods Frameworks */,
			);
			buildRules = (
			);
			dependencies = (
			);
			name = Ninox;
			productName = Ninox;
			productReference = 301CED7F29F0FB8500996726 /* Ninox.app */;
			productType = "com.apple.product-type.application";
		};
/* End PBXNativeTarget section */

/* Begin PBXProject section */
		301CED7729F0FB8500996726 /* Project object */ = {
			isa = PBXProject;
			attributes = {
				BuildIndependentTargetsInParallel = 1;
				LastSwiftUpdateCheck = 1420;
				LastUpgradeCheck = 1420;
				TargetAttributes = {
					301CED7E29F0FB8500996726 = {
						CreatedOnToolsVersion = 14.2;
						LastSwiftMigration = 1420;
					};
				};
			};
			buildConfigurationList = 301CED7A29F0FB8500996726 /* Build configuration list for PBXProject "Ninox" */;
			compatibilityVersion = "Xcode 14.0";
			developmentRegion = en;
			hasScannedForEncodings = 0;
			knownRegions = (
				en,
				Base,
			);
			mainGroup = 301CED7629F0FB8500996726;
			productRefGroup = 301CED8029F0FB8500996726 /* Products */;
			projectDirPath = "";
			projectRoot = "";
			targets = (
				301CED7E29F0FB8500996726 /* Ninox */,
			);
		};
/* End PBXProject section */

/* Begin PBXResourcesBuildPhase section */
		301CED7D29F0FB8500996726 /* Resources */ = {
			isa = PBXResourcesBuildPhase;
			buildActionMask = 2147483647;
			files = (
				3094DBC82A125D5F00ACAFFB /* ServiceDateSPCell.xib in Resources */,
				3094DBCE2A125E2200ACAFFB /* CustomInfoSPCell.xib in Resources */,
				30139C312A2788A6007E3C98 /* ReplaceStoryboard.storyboard in Resources */,
				301CED8F29F0FB8700996726 /* LaunchScreen.storyboard in Resources */,
				301CED8C29F0FB8700996726 /* Assets.xcassets in Resources */,
				3082371D2A0CDFD20054A64A /* dialogStoryboard.storyboard in Resources */,
				301CED8A29F0FB8500996726 /* Main.storyboard in Resources */,
				30B7663729F9EFF100A86C06 /* BodyStoryboard.storyboard in Resources */,
				30418EAD2A02176F003DD55D /* SearchItem.xib in Resources */,
				308237202A0CE07D0054A64A /* qr_code_scan_gif.gif in Resources */,
				30B7663929FA07BF00A86C06 /* SettingStoryboard.storyboard in Resources */,
			);
			runOnlyForDeploymentPostprocessing = 0;
		};
/* End PBXResourcesBuildPhase section */

/* Begin PBXShellScriptBuildPhase section */
		59122370335CFC6258B5BB4A /* [CP] Check Pods Manifest.lock */ = {
			isa = PBXShellScriptBuildPhase;
			buildActionMask = 2147483647;
			files = (
			);
			inputFileListPaths = (
			);
			inputPaths = (
				"${PODS_PODFILE_DIR_PATH}/Podfile.lock",
				"${PODS_ROOT}/Manifest.lock",
			);
			name = "[CP] Check Pods Manifest.lock";
			outputFileListPaths = (
			);
			outputPaths = (
				"$(DERIVED_FILE_DIR)/Pods-Ninox-checkManifestLockResult.txt",
			);
			runOnlyForDeploymentPostprocessing = 0;
			shellPath = /bin/sh;
			shellScript = "diff \"${PODS_PODFILE_DIR_PATH}/Podfile.lock\" \"${PODS_ROOT}/Manifest.lock\" > /dev/null\nif [ $? != 0 ] ; then\n    # print error to STDERR\n    echo \"error: The sandbox is not in sync with the Podfile.lock. Run 'pod install' or update your CocoaPods installation.\" >&2\n    exit 1\nfi\n# This output is used by Xcode 'outputs' to avoid re-running this script phase.\necho \"SUCCESS\" > \"${SCRIPT_OUTPUT_FILE_0}\"\n";
			showEnvVarsInLog = 0;
		};
		9A2AE7EC5CB042BFB1D605CB /* [CP] Embed Pods Frameworks */ = {
			isa = PBXShellScriptBuildPhase;
			buildActionMask = 2147483647;
			files = (
			);
			inputFileListPaths = (
				"${PODS_ROOT}/Target Support Files/Pods-Ninox/Pods-Ninox-frameworks-${CONFIGURATION}-input-files.xcfilelist",
			);
			name = "[CP] Embed Pods Frameworks";
			outputFileListPaths = (
				"${PODS_ROOT}/Target Support Files/Pods-Ninox/Pods-Ninox-frameworks-${CONFIGURATION}-output-files.xcfilelist",
			);
			runOnlyForDeploymentPostprocessing = 0;
			shellPath = /bin/sh;
			shellScript = "\"${PODS_ROOT}/Target Support Files/Pods-Ninox/Pods-Ninox-frameworks.sh\"\n";
			showEnvVarsInLog = 0;
		};
/* End PBXShellScriptBuildPhase section */

/* Begin PBXSourcesBuildPhase section */
		301CED7B29F0FB8500996726 /* Sources */ = {
			isa = PBXSourcesBuildPhase;
			buildActionMask = 2147483647;
			files = (
				30139C352A2A2DE0007E3C98 /* OtherProtocols.swift in Sources */,
				30675BEC2A0808AE00515238 /* ViewPatternMethods.swift in Sources */,
				308DC73C2A0E70DD00535557 /* IconTypeDialog.swift in Sources */,
				3015A8CB2A1B657C0079FED6 /* SearchActionProtocols.swift in Sources */,
				30675BE52A07D36000515238 /* SigninCTL.swift in Sources */,
				3094DBC72A125D5F00ACAFFB /* ServiceDateSPCell.swift in Sources */,
				3094DBCD2A125E2200ACAFFB /* CustomInfoSPCell.swift in Sources */,
				30139C332A290251007E3C98 /* OnlyScannerCTL.swift in Sources */,
				3015A8C92A1A370C0079FED6 /* TableManagers.swift in Sources */,
				308DC7412A0E7ABA00535557 /* TestEveryThing.swift in Sources */,
				30EE3FC92A1FB7C000D78C58 /* AddProjectItem.swift in Sources */,
				3082371B2A0CDBA80054A64A /* GifLoading.swift in Sources */,
				30675BE72A07D9B700515238 /* SelectUserTypeCTL.swift in Sources */,
				30AE5E832A24A3F500BA659E /* DeleteTagCTL.swift in Sources */,
				30AE5E7F2A2350A800BA659E /* EditAreaProjectCTL.swift in Sources */,
				30D6B9842A09E14E0058A91F /* HomeCTL.swift in Sources */,
				30675BE92A07D9E200515238 /* SingupCTL.swift in Sources */,
				301CED8729F0FB8500996726 /* ViewController.swift in Sources */,
				308DC7432A0E948100535557 /* MyDateFormatter.swift in Sources */,
				308DC73A2A0E633900535557 /* RoundedCornerView.swift in Sources */,
				30139C2D2A266A3F007E3C98 /* LanuageCell.swift in Sources */,
				30D6B9882A09ECDF0058A91F /* SearchFilterCTL.swift in Sources */,
				30E5CECC2A020D9C00DB70C4 /* DataModels.swift in Sources */,
				30EE3FC52A1F96A400D78C58 /* AddProjectCTL.swift in Sources */,
				30507B652A0F9414005A7F29 /* CustomInfoCell.swift in Sources */,
				308237192A0CD4B60054A64A /* ScanQRCTL.swift in Sources */,
				30507B672A0F9435005A7F29 /* ServiceDateCell.swift in Sources */,
				30139C2F2A266BBB007E3C98 /* ReplaceTagCTL.swift in Sources */,
				30C59AE72A08902E00D675A5 /* HttpClientAPI.swift in Sources */,
				30139C2B2A26698C007E3C98 /* LanguageCTL.swift in Sources */,
				308DC73F2A0E799700535557 /* DialogProtocols.swift in Sources */,
				30418EAC2A02176F003DD55D /* SearchItem.swift in Sources */,
				30B311B42A1DEEC5003B24F1 /* SearchHistoryCell.swift in Sources */,
				30E5CEC72A0203C900DB70C4 /* DBManager.swift in Sources */,
				3010D3052A15E49400A68C36 /* FlagNoteController.swift in Sources */,
				30C59AEA2A0892B600D675A5 /* URLS.swift in Sources */,
				30B311B62A1E0E67003B24F1 /* FilterCTL.swift in Sources */,
				308DC7382A0D519300535557 /* DatePickerDialog.swift in Sources */,
				30EE3FC32A1F969300D78C58 /* AddAreaCTL.swift in Sources */,
				301CED8329F0FB8500996726 /* AppDelegate.swift in Sources */,
				30D6B9862A09ECCF0058A91F /* SearchCTL.swift in Sources */,
				30AE5E812A23615B00BA659E /* DeleteAreaProjectCTL.swift in Sources */,
				308237222A0D274B0054A64A /* SetupEditCTL.swift in Sources */,
				30B7663529F9872600A86C06 /* HeaderLabel.swift in Sources */,
				308DC7452A0E9DC800535557 /* DataPickerDialog.swift in Sources */,
				308CB49E29F8376B0072D97D /* TestBluetoothCTL.swift in Sources */,
				301CED8529F0FB8500996726 /* SceneDelegate.swift in Sources */,
				30507B632A0F8C4E005A7F29 /* CustomInfoDialog.swift in Sources */,
				30EE3FC72A1F9BF200D78C58 /* AddAreaItem.swift in Sources */,
				30B311B22A1D55B8003B24F1 /* SearchFilterModel.swift in Sources */,
			);
			runOnlyForDeploymentPostprocessing = 0;
		};
/* End PBXSourcesBuildPhase section */

/* Begin PBXVariantGroup section */
		301CED8829F0FB8500996726 /* Main.storyboard */ = {
			isa = PBXVariantGroup;
			children = (
				301CED8929F0FB8500996726 /* Base */,
			);
			name = Main.storyboard;
			sourceTree = "<group>";
		};
		301CED8D29F0FB8700996726 /* LaunchScreen.storyboard */ = {
			isa = PBXVariantGroup;
			children = (
				301CED8E29F0FB8700996726 /* Base */,
			);
			name = LaunchScreen.storyboard;
			sourceTree = "<group>";
		};
/* End PBXVariantGroup section */

/* Begin XCBuildConfiguration section */
		301CED9129F0FB8700996726 /* Debug */ = {
			isa = XCBuildConfiguration;
			buildSettings = {
				ALWAYS_SEARCH_USER_PATHS = NO;
				CLANG_ANALYZER_NONNULL = YES;
				CLANG_ANALYZER_NUMBER_OBJECT_CONVERSION = YES_AGGRESSIVE;
				CLANG_CXX_LANGUAGE_STANDARD = "gnu++20";
				CLANG_ENABLE_MODULES = YES;
				CLANG_ENABLE_OBJC_ARC = YES;
				CLANG_ENABLE_OBJC_WEAK = YES;
				CLANG_WARN_BLOCK_CAPTURE_AUTORELEASING = YES;
				CLANG_WARN_BOOL_CONVERSION = YES;
				CLANG_WARN_COMMA = YES;
				CLANG_WARN_CONSTANT_CONVERSION = YES;
				CLANG_WARN_DEPRECATED_OBJC_IMPLEMENTATIONS = YES;
				CLANG_WARN_DIRECT_OBJC_ISA_USAGE = YES_ERROR;
				CLANG_WARN_DOCUMENTATION_COMMENTS = YES;
				CLANG_WARN_EMPTY_BODY = YES;
				CLANG_WARN_ENUM_CONVERSION = YES;
				CLANG_WARN_INFINITE_RECURSION = YES;
				CLANG_WARN_INT_CONVERSION = YES;
				CLANG_WARN_NON_LITERAL_NULL_CONVERSION = YES;
				CLANG_WARN_OBJC_IMPLICIT_RETAIN_SELF = YES;
				CLANG_WARN_OBJC_LITERAL_CONVERSION = YES;
				CLANG_WARN_OBJC_ROOT_CLASS = YES_ERROR;
				CLANG_WARN_QUOTED_INCLUDE_IN_FRAMEWORK_HEADER = YES;
				CLANG_WARN_RANGE_LOOP_ANALYSIS = YES;
				CLANG_WARN_STRICT_PROTOTYPES = YES;
				CLANG_WARN_SUSPICIOUS_MOVE = YES;
				CLANG_WARN_UNGUARDED_AVAILABILITY = YES_AGGRESSIVE;
				CLANG_WARN_UNREACHABLE_CODE = YES;
				CLANG_WARN__DUPLICATE_METHOD_MATCH = YES;
				COPY_PHASE_STRIP = NO;
				DEBUG_INFORMATION_FORMAT = dwarf;
				ENABLE_STRICT_OBJC_MSGSEND = YES;
				ENABLE_TESTABILITY = YES;
				GCC_C_LANGUAGE_STANDARD = gnu11;
				GCC_DYNAMIC_NO_PIC = NO;
				GCC_NO_COMMON_BLOCKS = YES;
				GCC_OPTIMIZATION_LEVEL = 0;
				GCC_PREPROCESSOR_DEFINITIONS = (
					"DEBUG=1",
					"$(inherited)",
				);
				GCC_WARN_64_TO_32_BIT_CONVERSION = YES;
				GCC_WARN_ABOUT_RETURN_TYPE = YES_ERROR;
				GCC_WARN_UNDECLARED_SELECTOR = YES;
				GCC_WARN_UNINITIALIZED_AUTOS = YES_AGGRESSIVE;
				GCC_WARN_UNUSED_FUNCTION = YES;
				GCC_WARN_UNUSED_VARIABLE = YES;
				IPHONEOS_DEPLOYMENT_TARGET = 16.2;
				MTL_ENABLE_DEBUG_INFO = INCLUDE_SOURCE;
				MTL_FAST_MATH = YES;
				ONLY_ACTIVE_ARCH = YES;
				SDKROOT = iphoneos;
				SWIFT_ACTIVE_COMPILATION_CONDITIONS = DEBUG;
				SWIFT_OPTIMIZATION_LEVEL = "-Onone";
			};
			name = Debug;
		};
		301CED9229F0FB8700996726 /* Release */ = {
			isa = XCBuildConfiguration;
			buildSettings = {
				ALWAYS_SEARCH_USER_PATHS = NO;
				CLANG_ANALYZER_NONNULL = YES;
				CLANG_ANALYZER_NUMBER_OBJECT_CONVERSION = YES_AGGRESSIVE;
				CLANG_CXX_LANGUAGE_STANDARD = "gnu++20";
				CLANG_ENABLE_MODULES = YES;
				CLANG_ENABLE_OBJC_ARC = YES;
				CLANG_ENABLE_OBJC_WEAK = YES;
				CLANG_WARN_BLOCK_CAPTURE_AUTORELEASING = YES;
				CLANG_WARN_BOOL_CONVERSION = YES;
				CLANG_WARN_COMMA = YES;
				CLANG_WARN_CONSTANT_CONVERSION = YES;
				CLANG_WARN_DEPRECATED_OBJC_IMPLEMENTATIONS = YES;
				CLANG_WARN_DIRECT_OBJC_ISA_USAGE = YES_ERROR;
				CLANG_WARN_DOCUMENTATION_COMMENTS = YES;
				CLANG_WARN_EMPTY_BODY = YES;
				CLANG_WARN_ENUM_CONVERSION = YES;
				CLANG_WARN_INFINITE_RECURSION = YES;
				CLANG_WARN_INT_CONVERSION = YES;
				CLANG_WARN_NON_LITERAL_NULL_CONVERSION = YES;
				CLANG_WARN_OBJC_IMPLICIT_RETAIN_SELF = YES;
				CLANG_WARN_OBJC_LITERAL_CONVERSION = YES;
				CLANG_WARN_OBJC_ROOT_CLASS = YES_ERROR;
				CLANG_WARN_QUOTED_INCLUDE_IN_FRAMEWORK_HEADER = YES;
				CLANG_WARN_RANGE_LOOP_ANALYSIS = YES;
				CLANG_WARN_STRICT_PROTOTYPES = YES;
				CLANG_WARN_SUSPICIOUS_MOVE = YES;
				CLANG_WARN_UNGUARDED_AVAILABILITY = YES_AGGRESSIVE;
				CLANG_WARN_UNREACHABLE_CODE = YES;
				CLANG_WARN__DUPLICATE_METHOD_MATCH = YES;
				COPY_PHASE_STRIP = NO;
				DEBUG_INFORMATION_FORMAT = "dwarf-with-dsym";
				ENABLE_NS_ASSERTIONS = NO;
				ENABLE_STRICT_OBJC_MSGSEND = YES;
				GCC_C_LANGUAGE_STANDARD = gnu11;
				GCC_NO_COMMON_BLOCKS = YES;
				GCC_WARN_64_TO_32_BIT_CONVERSION = YES;
				GCC_WARN_ABOUT_RETURN_TYPE = YES_ERROR;
				GCC_WARN_UNDECLARED_SELECTOR = YES;
				GCC_WARN_UNINITIALIZED_AUTOS = YES_AGGRESSIVE;
				GCC_WARN_UNUSED_FUNCTION = YES;
				GCC_WARN_UNUSED_VARIABLE = YES;
				IPHONEOS_DEPLOYMENT_TARGET = 16.2;
				MTL_ENABLE_DEBUG_INFO = NO;
				MTL_FAST_MATH = YES;
				SDKROOT = iphoneos;
				SWIFT_COMPILATION_MODE = wholemodule;
				SWIFT_OPTIMIZATION_LEVEL = "-O";
				VALIDATE_PRODUCT = YES;
			};
			name = Release;
		};
		301CED9429F0FB8700996726 /* Debug */ = {
			isa = XCBuildConfiguration;
			baseConfigurationReference = A818CE979BB3A643DB82F2A6 /* Pods-Ninox.debug.xcconfig */;
			buildSettings = {
				ASSETCATALOG_COMPILER_APPICON_NAME = AppIcon;
				ASSETCATALOG_COMPILER_GLOBAL_ACCENT_COLOR_NAME = AccentColor;
				CLANG_ENABLE_MODULES = YES;
				CODE_SIGN_STYLE = Automatic;
				CURRENT_PROJECT_VERSION = 1;
				DEVELOPMENT_TEAM = 2BSTL6X2R8;
				GENERATE_INFOPLIST_FILE = YES;
				INFOPLIST_FILE = Ninox/Info.plist;
				INFOPLIST_KEY_UIApplicationSupportsIndirectInputEvents = YES;
				INFOPLIST_KEY_UILaunchStoryboardName = LaunchScreen;
				INFOPLIST_KEY_UIMainStoryboardFile = Main;
				INFOPLIST_KEY_UISupportedInterfaceOrientations_iPad = "UIInterfaceOrientationPortrait UIInterfaceOrientationPortraitUpsideDown UIInterfaceOrientationLandscapeLeft UIInterfaceOrientationLandscapeRight";
				INFOPLIST_KEY_UISupportedInterfaceOrientations_iPhone = "UIInterfaceOrientationPortrait UIInterfaceOrientationLandscapeLeft UIInterfaceOrientationLandscapeRight";
				IPHONEOS_DEPLOYMENT_TARGET = 15.0;
				LD_RUNPATH_SEARCH_PATHS = (
					"$(inherited)",
					"@executable_path/Frameworks",
				);
				MARKETING_VERSION = 1.0;
				PRODUCT_BUNDLE_IDENTIFIER = com.saai.Ninox;
				PRODUCT_NAME = "$(TARGET_NAME)";
				SWIFT_EMIT_LOC_STRINGS = YES;
				SWIFT_OPTIMIZATION_LEVEL = "-Onone";
				SWIFT_VERSION = 5.0;
				TARGETED_DEVICE_FAMILY = "1,2";
			};
			name = Debug;
		};
		301CED9529F0FB8700996726 /* Release */ = {
			isa = XCBuildConfiguration;
			baseConfigurationReference = 3FC600411C898D184B647752 /* Pods-Ninox.release.xcconfig */;
			buildSettings = {
				ASSETCATALOG_COMPILER_APPICON_NAME = AppIcon;
				ASSETCATALOG_COMPILER_GLOBAL_ACCENT_COLOR_NAME = AccentColor;
				CLANG_ENABLE_MODULES = YES;
				CODE_SIGN_STYLE = Automatic;
				CURRENT_PROJECT_VERSION = 1;
				DEVELOPMENT_TEAM = 2BSTL6X2R8;
				GENERATE_INFOPLIST_FILE = YES;
				INFOPLIST_FILE = Ninox/Info.plist;
				INFOPLIST_KEY_UIApplicationSupportsIndirectInputEvents = YES;
				INFOPLIST_KEY_UILaunchStoryboardName = LaunchScreen;
				INFOPLIST_KEY_UIMainStoryboardFile = Main;
				INFOPLIST_KEY_UISupportedInterfaceOrientations_iPad = "UIInterfaceOrientationPortrait UIInterfaceOrientationPortraitUpsideDown UIInterfaceOrientationLandscapeLeft UIInterfaceOrientationLandscapeRight";
				INFOPLIST_KEY_UISupportedInterfaceOrientations_iPhone = "UIInterfaceOrientationPortrait UIInterfaceOrientationLandscapeLeft UIInterfaceOrientationLandscapeRight";
				IPHONEOS_DEPLOYMENT_TARGET = 15.0;
				LD_RUNPATH_SEARCH_PATHS = (
					"$(inherited)",
					"@executable_path/Frameworks",
				);
				MARKETING_VERSION = 1.0;
				PRODUCT_BUNDLE_IDENTIFIER = com.saai.Ninox;
				PRODUCT_NAME = "$(TARGET_NAME)";
				SWIFT_EMIT_LOC_STRINGS = YES;
				SWIFT_VERSION = 5.0;
				TARGETED_DEVICE_FAMILY = "1,2";
			};
			name = Release;
		};
/* End XCBuildConfiguration section */

/* Begin XCConfigurationList section */
		301CED7A29F0FB8500996726 /* Build configuration list for PBXProject "Ninox" */ = {
			isa = XCConfigurationList;
			buildConfigurations = (
				301CED9129F0FB8700996726 /* Debug */,
				301CED9229F0FB8700996726 /* Release */,
			);
			defaultConfigurationIsVisible = 0;
			defaultConfigurationName = Release;
		};
		301CED9329F0FB8700996726 /* Build configuration list for PBXNativeTarget "Ninox" */ = {
			isa = XCConfigurationList;
			buildConfigurations = (
				301CED9429F0FB8700996726 /* Debug */,
				301CED9529F0FB8700996726 /* Release */,
			);
			defaultConfigurationIsVisible = 0;
			defaultConfigurationName = Release;
		};
/* End XCConfigurationList section */
	};
	rootObject = 301CED7729F0FB8500996726 /* Project object */;
}
