// !$*UTF8*$!
{
	archiveVersion = 1;
	classes = {
	};
	objectVersion = 56;
	objects = {

/* Begin PBXBuildFile section */
		301CED8329F0FB8500996726 /* AppDelegate.swift in Sources */ = {isa = PBXBuildFile; fileRef = 301CED8229F0FB8500996726 /* AppDelegate.swift */; };
		301CED8529F0FB8500996726 /* SceneDelegate.swift in Sources */ = {isa = PBXBuildFile; fileRef = 301CED8429F0FB8500996726 /* SceneDelegate.swift */; };
		301CED8729F0FB8500996726 /* ViewController.swift in Sources */ = {isa = PBXBuildFile; fileRef = 301CED8629F0FB8500996726 /* ViewController.swift */; };
		301CED8A29F0FB8500996726 /* Main.storyboard in Resources */ = {isa = PBXBuildFile; fileRef = 301CED8829F0FB8500996726 /* Main.storyboard */; };
		301CED8C29F0FB8700996726 /* Assets.xcassets in Resources */ = {isa = PBXBuildFile; fileRef = 301CED8B29F0FB8700996726 /* Assets.xcassets */; };
		301CED8F29F0FB8700996726 /* LaunchScreen.storyboard in Resources */ = {isa = PBXBuildFile; fileRef = 301CED8D29F0FB8700996726 /* LaunchScreen.storyboard */; };
		308CB49C29F837040072D97D /* CoreBluetooth.framework in Frameworks */ = {isa = PBXBuildFile; fileRef = 308CB49B29F837040072D97D /* CoreBluetooth.framework */; };
		308CB49E29F8376B0072D97D /* TestBluetoothCTL.swift in Sources */ = {isa = PBXBuildFile; fileRef = 308CB49D29F8376B0072D97D /* TestBluetoothCTL.swift */; };
		30B7663529F9872600A86C06 /* HeaderLabel.swift in Sources */ = {isa = PBXBuildFile; fileRef = 30B7663429F9872600A86C06 /* HeaderLabel.swift */; };
		30B7663729F9EFF100A86C06 /* BodyStoryboard.storyboard in Resources */ = {isa = PBXBuildFile; fileRef = 30B7663629F9EFF100A86C06 /* BodyStoryboard.storyboard */; };
		30B7663929FA07BF00A86C06 /* SettingStoryboard.storyboard in Resources */ = {isa = PBXBuildFile; fileRef = 30B7663829FA07BF00A86C06 /* SettingStoryboard.storyboard */; };
		951BC137F54E40E6499EA984 /* Pods_Ninox.framework in Frameworks */ = {isa = PBXBuildFile; fileRef = 64E83C4B3FEDDDBDBD4EA707 /* Pods_Ninox.framework */; };
/* End PBXBuildFile section */

/* Begin PBXFileReference section */
		301CED7F29F0FB8500996726 /* Ninox.app */ = {isa = PBXFileReference; explicitFileType = wrapper.application; includeInIndex = 0; path = Ninox.app; sourceTree = BUILT_PRODUCTS_DIR; };
		301CED8229F0FB8500996726 /* AppDelegate.swift */ = {isa = PBXFileReference; lastKnownFileType = sourcecode.swift; path = AppDelegate.swift; sourceTree = "<group>"; };
		301CED8429F0FB8500996726 /* SceneDelegate.swift */ = {isa = PBXFileReference; lastKnownFileType = sourcecode.swift; path = SceneDelegate.swift; sourceTree = "<group>"; };
		301CED8629F0FB8500996726 /* ViewController.swift */ = {isa = PBXFileReference; lastKnownFileType = sourcecode.swift; path = ViewController.swift; sourceTree = "<group>"; };
		301CED8929F0FB8500996726 /* Base */ = {isa = PBXFileReference; lastKnownFileType = file.storyboard; name = Base; path = Base.lproj/Main.storyboard; sourceTree = "<group>"; };
		301CED8B29F0FB8700996726 /* Assets.xcassets */ = {isa = PBXFileReference; lastKnownFileType = folder.assetcatalog; path = Assets.xcassets; sourceTree = "<group>"; };
		301CED8E29F0FB8700996726 /* Base */ = {isa = PBXFileReference; lastKnownFileType = file.storyboard; name = Base; path = Base.lproj/LaunchScreen.storyboard; sourceTree = "<group>"; };
		301CED9029F0FB8700996726 /* Info.plist */ = {isa = PBXFileReference; lastKnownFileType = text.plist.xml; path = Info.plist; sourceTree = "<group>"; };
		308CB49B29F837040072D97D /* CoreBluetooth.framework */ = {isa = PBXFileReference; lastKnownFileType = wrapper.framework; name = CoreBluetooth.framework; path = System/Library/Frameworks/CoreBluetooth.framework; sourceTree = SDKROOT; };
		308CB49D29F8376B0072D97D /* TestBluetoothCTL.swift */ = {isa = PBXFileReference; lastKnownFileType = sourcecode.swift; path = TestBluetoothCTL.swift; sourceTree = "<group>"; };
		30B7663429F9872600A86C06 /* HeaderLabel.swift */ = {isa = PBXFileReference; lastKnownFileType = sourcecode.swift; path = HeaderLabel.swift; sourceTree = "<group>"; };
		30B7663629F9EFF100A86C06 /* BodyStoryboard.storyboard */ = {isa = PBXFileReference; lastKnownFileType = file.storyboard; path = BodyStoryboard.storyboard; sourceTree = "<group>"; };
		30B7663829FA07BF00A86C06 /* SettingStoryboard.storyboard */ = {isa = PBXFileReference; lastKnownFileType = file.storyboard; path = SettingStoryboard.storyboard; sourceTree = "<group>"; };
		3FC600411C898D184B647752 /* Pods-Ninox.release.xcconfig */ = {isa = PBXFileReference; includeInIndex = 1; lastKnownFileType = text.xcconfig; name = "Pods-Ninox.release.xcconfig"; path = "Target Support Files/Pods-Ninox/Pods-Ninox.release.xcconfig"; sourceTree = "<group>"; };
		64E83C4B3FEDDDBDBD4EA707 /* Pods_Ninox.framework */ = {isa = PBXFileReference; explicitFileType = wrapper.framework; includeInIndex = 0; path = Pods_Ninox.framework; sourceTree = BUILT_PRODUCTS_DIR; };
		A818CE979BB3A643DB82F2A6 /* Pods-Ninox.debug.xcconfig */ = {isa = PBXFileReference; includeInIndex = 1; lastKnownFileType = text.xcconfig; name = "Pods-Ninox.debug.xcconfig"; path = "Target Support Files/Pods-Ninox/Pods-Ninox.debug.xcconfig"; sourceTree = "<group>"; };
/* End PBXFileReference section */

/* Begin PBXFrameworksBuildPhase section */
		301CED7C29F0FB8500996726 /* Frameworks */ = {
			isa = PBXFrameworksBuildPhase;
			buildActionMask = 2147483647;
			files = (
				308CB49C29F837040072D97D /* CoreBluetooth.framework in Frameworks */,
				951BC137F54E40E6499EA984 /* Pods_Ninox.framework in Frameworks */,
			);
			runOnlyForDeploymentPostprocessing = 0;
		};
/* End PBXFrameworksBuildPhase section */

/* Begin PBXGroup section */
		301CED7629F0FB8500996726 = {
			isa = PBXGroup;
			children = (
				30B7663329F986EA00A86C06 /* components */,
				301CED8129F0FB8500996726 /* Ninox */,
				301CED8029F0FB8500996726 /* Products */,
				C96C0DEA5881114EF8CD54F9 /* Pods */,
				EEAC63FC48B20CDF4226B4EF /* Frameworks */,
			);
			sourceTree = "<group>";
		};
		301CED8029F0FB8500996726 /* Products */ = {
			isa = PBXGroup;
			children = (
				301CED7F29F0FB8500996726 /* Ninox.app */,
			);
			name = Products;
			sourceTree = "<group>";
		};
		301CED8129F0FB8500996726 /* Ninox */ = {
			isa = PBXGroup;
			children = (
				301CED8229F0FB8500996726 /* AppDelegate.swift */,
				301CED8429F0FB8500996726 /* SceneDelegate.swift */,
				301CED8629F0FB8500996726 /* ViewController.swift */,
				301CED8829F0FB8500996726 /* Main.storyboard */,
				301CED8B29F0FB8700996726 /* Assets.xcassets */,
				301CED8D29F0FB8700996726 /* LaunchScreen.storyboard */,
				301CED9029F0FB8700996726 /* Info.plist */,
				308CB49D29F8376B0072D97D /* TestBluetoothCTL.swift */,
				30B7663629F9EFF100A86C06 /* BodyStoryboard.storyboard */,
				30B7663829FA07BF00A86C06 /* SettingStoryboard.storyboard */,
			);
			path = Ninox;
			sourceTree = "<group>";
		};
		30B7663329F986EA00A86C06 /* components */ = {
			isa = PBXGroup;
			children = (
				30B7663429F9872600A86C06 /* HeaderLabel.swift */,
			);
			path = components;
			sourceTree = "<group>";
		};
		C96C0DEA5881114EF8CD54F9 /* Pods */ = {
			isa = PBXGroup;
			children = (
				A818CE979BB3A643DB82F2A6 /* Pods-Ninox.debug.xcconfig */,
				3FC600411C898D184B647752 /* Pods-Ninox.release.xcconfig */,
			);
			path = Pods;
			sourceTree = "<group>";
		};
		EEAC63FC48B20CDF4226B4EF /* Frameworks */ = {
			isa = PBXGroup;
			children = (
				308CB49B29F837040072D97D /* CoreBluetooth.framework */,
				64E83C4B3FEDDDBDBD4EA707 /* Pods_Ninox.framework */,
			);
			name = Frameworks;
			sourceTree = "<group>";
		};
/* End PBXGroup section */

/* Begin PBXNativeTarget section */
		301CED7E29F0FB8500996726 /* Ninox */ = {
			isa = PBXNativeTarget;
			buildConfigurationList = 301CED9329F0FB8700996726 /* Build configuration list for PBXNativeTarget "Ninox" */;
			buildPhases = (
				59122370335CFC6258B5BB4A /* [CP] Check Pods Manifest.lock */,
				301CED7B29F0FB8500996726 /* Sources */,
				301CED7C29F0FB8500996726 /* Frameworks */,
				301CED7D29F0FB8500996726 /* Resources */,
				9A2AE7EC5CB042BFB1D605CB /* [CP] Embed Pods Frameworks */,
			);
			buildRules = (
			);
			dependencies = (
			);
			name = Ninox;
			productName = Ninox;
			productReference = 301CED7F29F0FB8500996726 /* Ninox.app */;
			productType = "com.apple.product-type.application";
		};
/* End PBXNativeTarget section */

/* Begin PBXProject section */
		301CED7729F0FB8500996726 /* Project object */ = {
			isa = PBXProject;
			attributes = {
				BuildIndependentTargetsInParallel = 1;
				LastSwiftUpdateCheck = 1420;
				LastUpgradeCheck = 1420;
				TargetAttributes = {
					301CED7E29F0FB8500996726 = {
						CreatedOnToolsVersion = 14.2;
					};
				};
			};
			buildConfigurationList = 301CED7A29F0FB8500996726 /* Build configuration list for PBXProject "Ninox" */;
			compatibilityVersion = "Xcode 14.0";
			developmentRegion = en;
			hasScannedForEncodings = 0;
			knownRegions = (
				en,
				Base,
			);
			mainGroup = 301CED7629F0FB8500996726;
			productRefGroup = 301CED8029F0FB8500996726 /* Products */;
			projectDirPath = "";
			projectRoot = "";
			targets = (
				301CED7E29F0FB8500996726 /* Ninox */,
			);
		};
/* End PBXProject section */

/* Begin PBXResourcesBuildPhase section */
		301CED7D29F0FB8500996726 /* Resources */ = {
			isa = PBXResourcesBuildPhase;
			buildActionMask = 2147483647;
			files = (
				301CED8F29F0FB8700996726 /* LaunchScreen.storyboard in Resources */,
				301CED8C29F0FB8700996726 /* Assets.xcassets in Resources */,
				301CED8A29F0FB8500996726 /* Main.storyboard in Resources */,
				30B7663729F9EFF100A86C06 /* BodyStoryboard.storyboard in Resources */,
				30B7663929FA07BF00A86C06 /* SettingStoryboard.storyboard in Resources */,
			);
			runOnlyForDeploymentPostprocessing = 0;
		};
/* End PBXResourcesBuildPhase section */

/* Begin PBXShellScriptBuildPhase section */
		59122370335CFC6258B5BB4A /* [CP] Check Pods Manifest.lock */ = {
			isa = PBXShellScriptBuildPhase;
			buildActionMask = 2147483647;
			files = (
			);
			inputFileListPaths = (
			);
			inputPaths = (
				"${PODS_PODFILE_DIR_PATH}/Podfile.lock",
				"${PODS_ROOT}/Manifest.lock",
			);
			name = "[CP] Check Pods Manifest.lock";
			outputFileListPaths = (
			);
			outputPaths = (
				"$(DERIVED_FILE_DIR)/Pods-Ninox-checkManifestLockResult.txt",
			);
			runOnlyForDeploymentPostprocessing = 0;
			shellPath = /bin/sh;
			shellScript = "diff \"${PODS_PODFILE_DIR_PATH}/Podfile.lock\" \"${PODS_ROOT}/Manifest.lock\" > /dev/null\nif [ $? != 0 ] ; then\n    # print error to STDERR\n    echo \"error: The sandbox is not in sync with the Podfile.lock. Run 'pod install' or update your CocoaPods installation.\" >&2\n    exit 1\nfi\n# This output is used by Xcode 'outputs' to avoid re-running this script phase.\necho \"SUCCESS\" > \"${SCRIPT_OUTPUT_FILE_0}\"\n";
			showEnvVarsInLog = 0;
		};
		9A2AE7EC5CB042BFB1D605CB /* [CP] Embed Pods Frameworks */ = {
			isa = PBXShellScriptBuildPhase;
			buildActionMask = 2147483647;
			files = (
			);
			inputFileListPaths = (
				"${PODS_ROOT}/Target Support Files/Pods-Ninox/Pods-Ninox-frameworks-${CONFIGURATION}-input-files.xcfilelist",
			);
			name = "[CP] Embed Pods Frameworks";
			outputFileListPaths = (
				"${PODS_ROOT}/Target Support Files/Pods-Ninox/Pods-Ninox-frameworks-${CONFIGURATION}-output-files.xcfilelist",
			);
			runOnlyForDeploymentPostprocessing = 0;
			shellPath = /bin/sh;
			shellScript = "\"${PODS_ROOT}/Target Support Files/Pods-Ninox/Pods-Ninox-frameworks.sh\"\n";
			showEnvVarsInLog = 0;
		};
/* End PBXShellScriptBuildPhase section */

/* Begin PBXSourcesBuildPhase section */
		301CED7B29F0FB8500996726 /* Sources */ = {
			isa = PBXSourcesBuildPhase;
			buildActionMask = 2147483647;
			files = (
				301CED8729F0FB8500996726 /* ViewController.swift in Sources */,
				301CED8329F0FB8500996726 /* AppDelegate.swift in Sources */,
				30B7663529F9872600A86C06 /* HeaderLabel.swift in Sources */,
				308CB49E29F8376B0072D97D /* TestBluetoothCTL.swift in Sources */,
				301CED8529F0FB8500996726 /* SceneDelegate.swift in Sources */,
			);
			runOnlyForDeploymentPostprocessing = 0;
		};
/* End PBXSourcesBuildPhase section */

/* Begin PBXVariantGroup section */
		301CED8829F0FB8500996726 /* Main.storyboard */ = {
			isa = PBXVariantGroup;
			children = (
				301CED8929F0FB8500996726 /* Base */,
			);
			name = Main.storyboard;
			sourceTree = "<group>";
		};
		301CED8D29F0FB8700996726 /* LaunchScreen.storyboard */ = {
			isa = PBXVariantGroup;
			children = (
				301CED8E29F0FB8700996726 /* Base */,
			);
			name = LaunchScreen.storyboard;
			sourceTree = "<group>";
		};
/* End PBXVariantGroup section */

/* Begin XCBuildConfiguration section */
		301CED9129F0FB8700996726 /* Debug */ = {
			isa = XCBuildConfiguration;
			buildSettings = {
				ALWAYS_SEARCH_USER_PATHS = NO;
				CLANG_ANALYZER_NONNULL = YES;
				CLANG_ANALYZER_NUMBER_OBJECT_CONVERSION = YES_AGGRESSIVE;
				CLANG_CXX_LANGUAGE_STANDARD = "gnu++20";
				CLANG_ENABLE_MODULES = YES;
				CLANG_ENABLE_OBJC_ARC = YES;
				CLANG_ENABLE_OBJC_WEAK = YES;
				CLANG_WARN_BLOCK_CAPTURE_AUTORELEASING = YES;
				CLANG_WARN_BOOL_CONVERSION = YES;
				CLANG_WARN_COMMA = YES;
				CLANG_WARN_CONSTANT_CONVERSION = YES;
				CLANG_WARN_DEPRECATED_OBJC_IMPLEMENTATIONS = YES;
				CLANG_WARN_DIRECT_OBJC_ISA_USAGE = YES_ERROR;
				CLANG_WARN_DOCUMENTATION_COMMENTS = YES;
				CLANG_WARN_EMPTY_BODY = YES;
				CLANG_WARN_ENUM_CONVERSION = YES;
				CLANG_WARN_INFINITE_RECURSION = YES;
				CLANG_WARN_INT_CONVERSION = YES;
				CLANG_WARN_NON_LITERAL_NULL_CONVERSION = YES;
				CLANG_WARN_OBJC_IMPLICIT_RETAIN_SELF = YES;
				CLANG_WARN_OBJC_LITERAL_CONVERSION = YES;
				CLANG_WARN_OBJC_ROOT_CLASS = YES_ERROR;
				CLANG_WARN_QUOTED_INCLUDE_IN_FRAMEWORK_HEADER = YES;
				CLANG_WARN_RANGE_LOOP_ANALYSIS = YES;
				CLANG_WARN_STRICT_PROTOTYPES = YES;
				CLANG_WARN_SUSPICIOUS_MOVE = YES;
				CLANG_WARN_UNGUARDED_AVAILABILITY = YES_AGGRESSIVE;
				CLANG_WARN_UNREACHABLE_CODE = YES;
				CLANG_WARN__DUPLICATE_METHOD_MATCH = YES;
				COPY_PHASE_STRIP = NO;
				DEBUG_INFORMATION_FORMAT = dwarf;
				ENABLE_STRICT_OBJC_MSGSEND = YES;
				ENABLE_TESTABILITY = YES;
				GCC_C_LANGUAGE_STANDARD = gnu11;
				GCC_DYNAMIC_NO_PIC = NO;
				GCC_NO_COMMON_BLOCKS = YES;
				GCC_OPTIMIZATION_LEVEL = 0;
				GCC_PREPROCESSOR_DEFINITIONS = (
					"DEBUG=1",
					"$(inherited)",
				);
				GCC_WARN_64_TO_32_BIT_CONVERSION = YES;
				GCC_WARN_ABOUT_RETURN_TYPE = YES_ERROR;
				GCC_WARN_UNDECLARED_SELECTOR = YES;
				GCC_WARN_UNINITIALIZED_AUTOS = YES_AGGRESSIVE;
				GCC_WARN_UNUSED_FUNCTION = YES;
				GCC_WARN_UNUSED_VARIABLE = YES;
				IPHONEOS_DEPLOYMENT_TARGET = 16.2;
				MTL_ENABLE_DEBUG_INFO = INCLUDE_SOURCE;
				MTL_FAST_MATH = YES;
				ONLY_ACTIVE_ARCH = YES;
				SDKROOT = iphoneos;
				SWIFT_ACTIVE_COMPILATION_CONDITIONS = DEBUG;
				SWIFT_OPTIMIZATION_LEVEL = "-Onone";
			};
			name = Debug;
		};
		301CED9229F0FB8700996726 /* Release */ = {
			isa = XCBuildConfiguration;
			buildSettings = {
				ALWAYS_SEARCH_USER_PATHS = NO;
				CLANG_ANALYZER_NONNULL = YES;
				CLANG_ANALYZER_NUMBER_OBJECT_CONVERSION = YES_AGGRESSIVE;
				CLANG_CXX_LANGUAGE_STANDARD = "gnu++20";
				CLANG_ENABLE_MODULES = YES;
				CLANG_ENABLE_OBJC_ARC = YES;
				CLANG_ENABLE_OBJC_WEAK = YES;
				CLANG_WARN_BLOCK_CAPTURE_AUTORELEASING = YES;
				CLANG_WARN_BOOL_CONVERSION = YES;
				CLANG_WARN_COMMA = YES;
				CLANG_WARN_CONSTANT_CONVERSION = YES;
				CLANG_WARN_DEPRECATED_OBJC_IMPLEMENTATIONS = YES;
				CLANG_WARN_DIRECT_OBJC_ISA_USAGE = YES_ERROR;
				CLANG_WARN_DOCUMENTATION_COMMENTS = YES;
				CLANG_WARN_EMPTY_BODY = YES;
				CLANG_WARN_ENUM_CONVERSION = YES;
				CLANG_WARN_INFINITE_RECURSION = YES;
				CLANG_WARN_INT_CONVERSION = YES;
				CLANG_WARN_NON_LITERAL_NULL_CONVERSION = YES;
				CLANG_WARN_OBJC_IMPLICIT_RETAIN_SELF = YES;
				CLANG_WARN_OBJC_LITERAL_CONVERSION = YES;
				CLANG_WARN_OBJC_ROOT_CLASS = YES_ERROR;
				CLANG_WARN_QUOTED_INCLUDE_IN_FRAMEWORK_HEADER = YES;
				CLANG_WARN_RANGE_LOOP_ANALYSIS = YES;
				CLANG_WARN_STRICT_PROTOTYPES = YES;
				CLANG_WARN_SUSPICIOUS_MOVE = YES;
				CLANG_WARN_UNGUARDED_AVAILABILITY = YES_AGGRESSIVE;
				CLANG_WARN_UNREACHABLE_CODE = YES;
				CLANG_WARN__DUPLICATE_METHOD_MATCH = YES;
				COPY_PHASE_STRIP = NO;
				DEBUG_INFORMATION_FORMAT = "dwarf-with-dsym";
				ENABLE_NS_ASSERTIONS = NO;
				ENABLE_STRICT_OBJC_MSGSEND = YES;
				GCC_C_LANGUAGE_STANDARD = gnu11;
				GCC_NO_COMMON_BLOCKS = YES;
				GCC_WARN_64_TO_32_BIT_CONVERSION = YES;
				GCC_WARN_ABOUT_RETURN_TYPE = YES_ERROR;
				GCC_WARN_UNDECLARED_SELECTOR = YES;
				GCC_WARN_UNINITIALIZED_AUTOS = YES_AGGRESSIVE;
				GCC_WARN_UNUSED_FUNCTION = YES;
				GCC_WARN_UNUSED_VARIABLE = YES;
				IPHONEOS_DEPLOYMENT_TARGET = 16.2;
				MTL_ENABLE_DEBUG_INFO = NO;
				MTL_FAST_MATH = YES;
				SDKROOT = iphoneos;
				SWIFT_COMPILATION_MODE = wholemodule;
				SWIFT_OPTIMIZATION_LEVEL = "-O";
				VALIDATE_PRODUCT = YES;
			};
			name = Release;
		};
		301CED9429F0FB8700996726 /* Debug */ = {
			isa = XCBuildConfiguration;
			baseConfigurationReference = A818CE979BB3A643DB82F2A6 /* Pods-Ninox.debug.xcconfig */;
			buildSettings = {
				ASSETCATALOG_COMPILER_APPICON_NAME = AppIcon;
				ASSETCATALOG_COMPILER_GLOBAL_ACCENT_COLOR_NAME = AccentColor;
				CODE_SIGN_STYLE = Automatic;
				CURRENT_PROJECT_VERSION = 1;
				DEVELOPMENT_TEAM = 26VP882AF6;
				GENERATE_INFOPLIST_FILE = YES;
				INFOPLIST_FILE = Ninox/Info.plist;
				INFOPLIST_KEY_UIApplicationSupportsIndirectInputEvents = YES;
				INFOPLIST_KEY_UILaunchStoryboardName = LaunchScreen;
				INFOPLIST_KEY_UIMainStoryboardFile = Main;
				INFOPLIST_KEY_UISupportedInterfaceOrientations_iPad = "UIInterfaceOrientationPortrait UIInterfaceOrientationPortraitUpsideDown UIInterfaceOrientationLandscapeLeft UIInterfaceOrientationLandscapeRight";
				INFOPLIST_KEY_UISupportedInterfaceOrientations_iPhone = "UIInterfaceOrientationPortrait UIInterfaceOrientationLandscapeLeft UIInterfaceOrientationLandscapeRight";
				IPHONEOS_DEPLOYMENT_TARGET = 15.0;
				LD_RUNPATH_SEARCH_PATHS = (
					"$(inherited)",
					"@executable_path/Frameworks",
				);
				MARKETING_VERSION = 1.0;
				PRODUCT_BUNDLE_IDENTIFIER = com.saai.Ninox;
				PRODUCT_NAME = "$(TARGET_NAME)";
				SWIFT_EMIT_LOC_STRINGS = YES;
				SWIFT_VERSION = 5.0;
				TARGETED_DEVICE_FAMILY = "1,2";
			};
			name = Debug;
		};
		301CED9529F0FB8700996726 /* Release */ = {
			isa = XCBuildConfiguration;
			baseConfigurationReference = 3FC600411C898D184B647752 /* Pods-Ninox.release.xcconfig */;
			buildSettings = {
				ASSETCATALOG_COMPILER_APPICON_NAME = AppIcon;
				ASSETCATALOG_COMPILER_GLOBAL_ACCENT_COLOR_NAME = AccentColor;
				CODE_SIGN_STYLE = Automatic;
				CURRENT_PROJECT_VERSION = 1;
				DEVELOPMENT_TEAM = 26VP882AF6;
				GENERATE_INFOPLIST_FILE = YES;
				INFOPLIST_FILE = Ninox/Info.plist;
				INFOPLIST_KEY_UIApplicationSupportsIndirectInputEvents = YES;
				INFOPLIST_KEY_UILaunchStoryboardName = LaunchScreen;
				INFOPLIST_KEY_UIMainStoryboardFile = Main;
				INFOPLIST_KEY_UISupportedInterfaceOrientations_iPad = "UIInterfaceOrientationPortrait UIInterfaceOrientationPortraitUpsideDown UIInterfaceOrientationLandscapeLeft UIInterfaceOrientationLandscapeRight";
				INFOPLIST_KEY_UISupportedInterfaceOrientations_iPhone = "UIInterfaceOrientationPortrait UIInterfaceOrientationLandscapeLeft UIInterfaceOrientationLandscapeRight";
				IPHONEOS_DEPLOYMENT_TARGET = 15.0;
				LD_RUNPATH_SEARCH_PATHS = (
					"$(inherited)",
					"@executable_path/Frameworks",
				);
				MARKETING_VERSION = 1.0;
				PRODUCT_BUNDLE_IDENTIFIER = com.saai.Ninox;
				PRODUCT_NAME = "$(TARGET_NAME)";
				SWIFT_EMIT_LOC_STRINGS = YES;
				SWIFT_VERSION = 5.0;
				TARGETED_DEVICE_FAMILY = "1,2";
			};
			name = Release;
		};
/* End XCBuildConfiguration section */

/* Begin XCConfigurationList section */
		301CED7A29F0FB8500996726 /* Build configuration list for PBXProject "Ninox" */ = {
			isa = XCConfigurationList;
			buildConfigurations = (
				301CED9129F0FB8700996726 /* Debug */,
				301CED9229F0FB8700996726 /* Release */,
			);
			defaultConfigurationIsVisible = 0;
			defaultConfigurationName = Release;
		};
		301CED9329F0FB8700996726 /* Build configuration list for PBXNativeTarget "Ninox" */ = {
			isa = XCConfigurationList;
			buildConfigurations = (
				301CED9429F0FB8700996726 /* Debug */,
				301CED9529F0FB8700996726 /* Release */,
			);
			defaultConfigurationIsVisible = 0;
			defaultConfigurationName = Release;
		};
/* End XCConfigurationList section */
	};
	rootObject = 301CED7729F0FB8500996726 /* Project object */;
}
